
Microsoft Visual Studio Solution File, Format Version 12.00
# Visual Studio Version 16
VisualStudioVersion = 16.0.29519.181
MinimumVisualStudioVersion = 10.0.40219.1
Project("{FAE04EC0-301F-11D3-BF4B-00C04F79EFBC}") = "OData", "OData.csproj", "{64F21AC1-6AE7-4B61-8A26-CA8C2EE4EAEF}"
EndProject
Global
	GlobalSection(SolutionConfigurationPlatforms) = preSolution
		Debug|Any CPU = Debug|Any CPU
		Release|Any CPU = Release|Any CPU
	EndGlobalSection
	GlobalSection(ProjectConfigurationPlatforms) = postSolution
		{64F21AC1-6AE7-4B61-8A26-CA8C2EE4EAEF}.Debug|Any CPU.ActiveCfg = Debug|Any CPU
		{64F21AC1-6AE7-4B61-8A26-CA8C2EE4EAEF}.Debug|Any CPU.Build.0 = Debug|Any CPU
		{64F21AC1-6AE7-4B61-8A26-CA8C2EE4EAEF}.Release|Any CPU.ActiveCfg = Release|Any CPU
		{64F21AC1-6AE7-4B61-8A26-CA8C2EE4EAEF}.Release|Any CPU.Build.0 = Release|Any CPU
	EndGlobalSection
	GlobalSection(SolutionProperties) = preSolution
		HideSolutionNode = FALSE
	EndGlobalSection
	GlobalSection(ExtensibilityGlobals) = postSolution
		SolutionGuid = {6D59A750-2330-46C0-B47B-15C8D98E2C37}
	EndGlobalSection
EndGlobal
