
Microsoft Visual Studio Solution File, Format Version 12.00
# Visual Studio Version 16
VisualStudioVersion = 16.0.29519.181
MinimumVisualStudioVersion = 10.0.40219.1
Project("{FAE04EC0-301F-11D3-BF4B-00C04F79EFBC}") = "CosmosDB_CRUD", "CosmosDB_CRUD.csproj", "{4CFE3B8B-6889-4C55-B708-C1365FC270F2}"
EndProject
Global
	GlobalSection(SolutionConfigurationPlatforms) = preSolution
		Debug|Any CPU = Debug|Any CPU
		Release|Any CPU = Release|Any CPU
	EndGlobalSection
	GlobalSection(ProjectConfigurationPlatforms) = postSolution
		{4CFE3B8B-6889-4C55-B708-C1365FC270F2}.Debug|Any CPU.ActiveCfg = Debug|Any CPU
		{4CFE3B8B-6889-4C55-B708-C1365FC270F2}.Debug|Any CPU.Build.0 = Debug|Any CPU
		{4CFE3B8B-6889-4C55-B708-C1365FC270F2}.Release|Any CPU.ActiveCfg = Release|Any CPU
		{4CFE3B8B-6889-4C55-B708-C1365FC270F2}.Release|Any CPU.Build.0 = Release|Any CPU
	EndGlobalSection
	GlobalSection(SolutionProperties) = preSolution
		HideSolutionNode = FALSE
	EndGlobalSection
	GlobalSection(ExtensibilityGlobals) = postSolution
		SolutionGuid = {33A17617-0304-4D59-915F-0C058F5214FD}
	EndGlobalSection
EndGlobal
